# This file is automatically @generated by Cargo.
# It is not intended for manual editing.
version = 4

[[package]]
name = "codex-app"
version = "0.1.0"
dependencies = [
 "codex-core",
 "codex-platform",
 "codex-protocol",
 "codex-storage",
]

[[package]]
name = "codex-core"
version = "0.1.0"

[[package]]
name = "codex-platform"
version = "0.1.0"

[[package]]
name = "codex-protocol"
version = "0.1.0"

[[package]]
name = "codex-storage"
version = "0.1.0"
